github.com/allegro/bigcache/v3 v3.1.1-0.20240514165432-a2f05d7cbfdc h1:qpDZka/rqdHPH/BljifnBHYwXGnsI+GoMEszzMXbg5o=
github.com/allegro/bigcache/v3 v3.1.1-0.20240514165432-a2f05d7cbfdc/go.mod h1:aPyh7jEvrog9zAwx5N7+JUQX5dZTSGpxF1LAR4dr35I=
github.com/dustin/go-humanize v1.0.1 h1:GzkhY7T5VNhEkwH0PVJgjz+fX1rhBrR7pRT3mDkpeCY=
github.com/dustin/go-humanize v1.0.1/go.mod h1:Mu1zIs6XwVuF/gI1OepvI0qD18qycQx+mFykh5fBlto=
github.com/xyproto/env/v2 v2.3.0 h1:9g1EOZYpccH1L2SeCXEvibyis/gPT+8+t34WqGMSBXQ=
github.com/xyproto/env/v2 v2.3.0/go.mod h1:F81ZEzu15s3TWUZJ1uzBl9iNeq9zcfHvxMkQJaLZUl0=
github.com/xyproto/ollamaclient/v2 v2.5.0 h1:m4VKQLOdKmY/FNfo+EkNGEjUaAWxjWNUhXz1fgHvoz0=
github.com/xyproto/ollamaclient/v2 v2.5.0/go.mod h1:WGFVADiCf/UXH/Fajx2yVUcyi6sDOU2Exzf8aqG3jio=
